
Microsoft Visual Studio Solution File, Format Version 12.00
# Visual Studio Version 17
VisualStudioVersion = 17.0.32014.148
MinimumVisualStudioVersion = 10.0.40219.1
Project("{2150E333-8FDC-42A3-9474-1A3956D46DE8}") = "Common", "Common", "{D278C867-369E-433E-9E83-79FC87D117F0}"
EndProject
Project("{9A19103F-16F7-4668-BE54-9A1E7A4F7556}") = "Codev.Core.Base", "Common\Base\Codev.Core.Base.csproj", "{8039A090-CD44-4BE0-BEB2-116B448E43EB}"
EndProject
Project("{9A19103F-16F7-4668-BE54-9A1E7A4F7556}") = "Codev.Core.Model", "Common\Model\Codev.Core.Model.csproj", "{CB88D285-F07C-4A29-94DF-FE83AFA068CD}"
EndProject
Project("{9A19103F-16F7-4668-BE54-9A1E7A4F7556}") = "Codev.Core.Interface", "Common\Interface\Codev.Core.Interface.csproj", "{5C10AAF0-7973-4178-81B8-F9F1F632BBFE}"
EndProject
Project("{2150E333-8FDC-42A3-9474-1A3956D46DE8}") = "Repository", "Repository", "{13355FDE-E0D1-45C8-A794-B75253F56E66}"
EndProject
Project("{2150E333-8FDC-42A3-9474-1A3956D46DE8}") = "Service", "Service", "{EA64948B-2579-417B-8C5C-F12D01D1FB3D}"
EndProject
Project("{9A19103F-16F7-4668-BE54-9A1E7A4F7556}") = "Codev.Core.Repository.Ado", "Repository\Ado\Codev.Core.Repository.Ado.csproj", "{5DFE9FFA-0881-47B0-8188-605957428680}"
EndProject
Project("{2150E333-8FDC-42A3-9474-1A3956D46DE8}") = "Data", "Data", "{DCB15CB9-ED0F-4202-A9E1-362F0429CD9E}"
EndProject
Project("{00D1A9C2-B5F0-4AF3-8072-F6C62B433612}") = "Core.Data", "Data\Ado\Core\Core.Data.sqlproj", "{BC482886-14C9-4040-B301-55AE9A26B578}"
EndProject
Project("{00D1A9C2-B5F0-4AF3-8072-F6C62B433612}") = "Core.Test", "Data\Ado\Test\Core.Test.sqlproj", "{A7E13183-48CF-44A0-B870-570D5794939E}"
EndProject
Project("{2150E333-8FDC-42A3-9474-1A3956D46DE8}") = "Provider", "Provider", "{55AAB3CC-E811-4C16-A00F-89CA17983DB5}"
EndProject
Project("{9A19103F-16F7-4668-BE54-9A1E7A4F7556}") = "Codev.Core.Provider.Cache", "Provider\Cache\Codev.Core.Provider.Cache.csproj", "{0E2372B8-3F6C-4FC6-A938-4085D17A3BAC}"
EndProject
Project("{9A19103F-16F7-4668-BE54-9A1E7A4F7556}") = "Codev.Core.Provider.Cipher", "Provider\Cipher\Codev.Core.Provider.Cipher.csproj", "{BCDC0C42-3A48-4157-88F7-5ACB7EEEAC4E}"
EndProject
Project("{9A19103F-16F7-4668-BE54-9A1E7A4F7556}") = "Codev.Core.Provider.Authentication", "Provider\Common\Codev.Core.Provider.Authentication.csproj", "{F02DA6CA-3A2B-4F33-9E00-7ED6C1D4A534}"
EndProject
Project("{2150E333-8FDC-42A3-9474-1A3956D46DE8}") = "Cache", "Cache", "{1F9FB6FD-4AE5-454D-9C9C-A3A35D70322C}"
EndProject
Project("{2150E333-8FDC-42A3-9474-1A3956D46DE8}") = "Cipher", "Cipher", "{616DA6DB-BDE0-4A4E-BFBF-10F651341428}"
EndProject
Project("{2150E333-8FDC-42A3-9474-1A3956D46DE8}") = "Authentication", "Authentication", "{19D1F116-DB8B-4030-A6D7-0EEC2B1F74F1}"
EndProject
Project("{2150E333-8FDC-42A3-9474-1A3956D46DE8}") = "Communication", "Communication", "{16FD6800-B71E-439B-B17B-89A0B98FD311}"
EndProject
Project("{2150E333-8FDC-42A3-9474-1A3956D46DE8}") = "Export", "Export", "{709BC844-DBAE-4175-B715-A43688E1F89D}"
EndProject
Project("{9A19103F-16F7-4668-BE54-9A1E7A4F7556}") = "Codev.Core.Provider.Communication", "Provider\Communication\Codev.Core.Provider.Communication.csproj", "{13BFF579-15E9-4142-9C76-509C384CAA2B}"
EndProject
Project("{9A19103F-16F7-4668-BE54-9A1E7A4F7556}") = "Codev.Core.Provider.Export", "Provider\Export\Codev.Core.Provider.Export.csproj", "{36C2FEF3-271F-4F99-848E-AFEEE09C090F}"
EndProject
Project("{2150E333-8FDC-42A3-9474-1A3956D46DE8}") = "Banking", "Banking", "{526E9BFD-AEFB-4D8A-9F45-1EB2F3AADA03}"
EndProject
Project("{9A19103F-16F7-4668-BE54-9A1E7A4F7556}") = "Codev.Core.Provider.Banking.Fake", "Provider\Banking\Fake\Codev.Core.Provider.Banking.Fake.csproj", "{F0BF0A2B-236B-4382-9118-BFD1F27D2ABE}"
EndProject
Project("{9A19103F-16F7-4668-BE54-9A1E7A4F7556}") = "Codev.Core.Provider.Banking.Memory", "Provider\Banking\Memory\Codev.Core.Provider.Banking.Memory.csproj", "{C11E5D8C-8FC6-4F1E-86E3-B5482C22FC71}"
EndProject
Project("{9A19103F-16F7-4668-BE54-9A1E7A4F7556}") = "Codev.Core.Provider.Banking.PayPal", "Provider\Banking\PayPal\Codev.Core.Provider.Banking.PayPal.csproj", "{161A5DF7-CB30-4D35-903F-B07DBF3EE2D1}"
EndProject
Project("{9A19103F-16F7-4668-BE54-9A1E7A4F7556}") = "Codev.Core.Provider.Banking.Stripe", "Provider\Banking\Stripe\Codev.Core.Provider.Banking.Stripe.csproj", "{70BE3ED8-CD56-4DD3-BE1A-CF55488DBF48}"
EndProject
Project("{9A19103F-16F7-4668-BE54-9A1E7A4F7556}") = "Codev.Core.Provider.Banking.Stub", "Provider\Banking\Stub\Codev.Core.Provider.Banking.Stub.csproj", "{A8F13A34-AB1C-421E-943F-9A11A0DE1F4C}"
EndProject
Project("{9A19103F-16F7-4668-BE54-9A1E7A4F7556}") = "Codev.Core.Repository.Sqlite", "Repository\Sqlite\Codev.Core.Repository.Sqlite.csproj", "{419C6376-D58D-4120-9115-2FD36C101F7D}"
EndProject
Project("{9A19103F-16F7-4668-BE54-9A1E7A4F7556}") = "Core.Tests", "Test\Core.Tests\Core.Tests.csproj", "{B5303526-26D9-4CB6-9F94-463D7D6C18C2}"
EndProject
Project("{2150E333-8FDC-42A3-9474-1A3956D46DE8}") = "Test", "Test", "{B5C9C95A-6613-4416-AD2B-D2DE263D2D25}"
EndProject
Project("{9A19103F-16F7-4668-BE54-9A1E7A4F7556}") = "Core.Test.Provider.Cipher", "Test\Core.Test.Provider.Cipher\Core.Test.Provider.Cipher.csproj", "{DB93FC66-7AD2-4AEA-8C6D-13B2F7EE9A11}"
EndProject
Project("{9A19103F-16F7-4668-BE54-9A1E7A4F7556}") = "Core.Test.Common.Base", "Test\Core.Test.Common.Base\Core.Test.Common.Base.csproj", "{9BD38D3E-B3D9-4AF1-BA2E-946947491914}"
EndProject
Project("{9A19103F-16F7-4668-BE54-9A1E7A4F7556}") = "Core.Test.Provider.SmsTwilio", "Test\Core.Test.Provider.SmsTwilio\Core.Test.Provider.SmsTwilio.csproj", "{5FCDE4D0-B954-462B-97F0-30E07FFDF2FC}"
EndProject
Project("{2150E333-8FDC-42A3-9474-1A3956D46DE8}") = "Infrastructure", "Infrastructure", "{587F527A-94B2-496E-815B-216028E17581}"
EndProject
Project("{9A19103F-16F7-4668-BE54-9A1E7A4F7556}") = "Codev.Core.Infrastructure", "Infrastructure\Codev.Core.Infrastructure.csproj", "{96189712-8FBA-42B0-B71D-018C16AEA175}"
EndProject
Project("{9A19103F-16F7-4668-BE54-9A1E7A4F7556}") = "Codev.Core.Service", "Service\Codev.Core.Service\Codev.Core.Service.csproj", "{6A9BB754-2907-438F-9CCB-EA1D992377F4}"
EndProject
Project("{9A19103F-16F7-4668-BE54-9A1E7A4F7556}") = "Core.Test.Service.Clock", "Test\Core.Test.Service.Clock\Core.Test.Service.Clock.csproj", "{1612827F-EF1A-461A-B95D-C3E5C389B387}"
EndProject
Project("{2150E333-8FDC-42A3-9474-1A3956D46DE8}") = "Solution Files", "Solution Files", "{00D1AA80-DE79-4B2A-8E0A-182DC08782CD}"
EndProject
Project("{2150E333-8FDC-42A3-9474-1A3956D46DE8}") = "Scripts", "Scripts", "{AB29C55A-0A70-4042-8662-11FD05193988}"
	ProjectSection(SolutionItems) = preProject
		Bld\Build.bat = Bld\Build.bat
		Bld\BuildEnums.bat = Bld\BuildEnums.bat
		Bld\Clean.bat = Bld\Clean.bat
	EndProjectSection
EndProject
Project("{FAE04EC0-301F-11D3-BF4B-00C04F79EFBC}") = "Core.Test.Provider.Export", "Test\Core.Test.Provider.Export\Core.Test.Provider.Export.csproj", "{15B8C313-314A-26B5-BEA1-068B99AB5AED}"
EndProject
Global
	GlobalSection(SolutionConfigurationPlatforms) = preSolution
		Dev|Any CPU = Dev|Any CPU
		Live|Any CPU = Live|Any CPU
	EndGlobalSection
	GlobalSection(ProjectConfigurationPlatforms) = postSolution
		{8039A090-CD44-4BE0-BEB2-116B448E43EB}.Dev|Any CPU.ActiveCfg = Dev|Any CPU
		{8039A090-CD44-4BE0-BEB2-116B448E43EB}.Dev|Any CPU.Build.0 = Dev|Any CPU
		{8039A090-CD44-4BE0-BEB2-116B448E43EB}.Live|Any CPU.ActiveCfg = Live|Any CPU
		{8039A090-CD44-4BE0-BEB2-116B448E43EB}.Live|Any CPU.Build.0 = Live|Any CPU
		{CB88D285-F07C-4A29-94DF-FE83AFA068CD}.Dev|Any CPU.ActiveCfg = Dev|Any CPU
		{CB88D285-F07C-4A29-94DF-FE83AFA068CD}.Dev|Any CPU.Build.0 = Dev|Any CPU
		{CB88D285-F07C-4A29-94DF-FE83AFA068CD}.Live|Any CPU.ActiveCfg = Live|Any CPU
		{CB88D285-F07C-4A29-94DF-FE83AFA068CD}.Live|Any CPU.Build.0 = Live|Any CPU
		{5C10AAF0-7973-4178-81B8-F9F1F632BBFE}.Dev|Any CPU.ActiveCfg = Dev|Any CPU
		{5C10AAF0-7973-4178-81B8-F9F1F632BBFE}.Dev|Any CPU.Build.0 = Dev|Any CPU
		{5C10AAF0-7973-4178-81B8-F9F1F632BBFE}.Live|Any CPU.ActiveCfg = Live|Any CPU
		{5C10AAF0-7973-4178-81B8-F9F1F632BBFE}.Live|Any CPU.Build.0 = Live|Any CPU
		{5DFE9FFA-0881-47B0-8188-605957428680}.Dev|Any CPU.ActiveCfg = Dev|Any CPU
		{5DFE9FFA-0881-47B0-8188-605957428680}.Dev|Any CPU.Build.0 = Dev|Any CPU
		{5DFE9FFA-0881-47B0-8188-605957428680}.Live|Any CPU.ActiveCfg = Live|Any CPU
		{5DFE9FFA-0881-47B0-8188-605957428680}.Live|Any CPU.Build.0 = Live|Any CPU
		{BC482886-14C9-4040-B301-55AE9A26B578}.Dev|Any CPU.ActiveCfg = Dev|Any CPU
		{BC482886-14C9-4040-B301-55AE9A26B578}.Live|Any CPU.ActiveCfg = Live|Any CPU
		{A7E13183-48CF-44A0-B870-570D5794939E}.Dev|Any CPU.ActiveCfg = Dev|Any CPU
		{A7E13183-48CF-44A0-B870-570D5794939E}.Live|Any CPU.ActiveCfg = Live|Any CPU
		{0E2372B8-3F6C-4FC6-A938-4085D17A3BAC}.Dev|Any CPU.ActiveCfg = Dev|Any CPU
		{0E2372B8-3F6C-4FC6-A938-4085D17A3BAC}.Dev|Any CPU.Build.0 = Dev|Any CPU
		{0E2372B8-3F6C-4FC6-A938-4085D17A3BAC}.Live|Any CPU.ActiveCfg = Live|Any CPU
		{0E2372B8-3F6C-4FC6-A938-4085D17A3BAC}.Live|Any CPU.Build.0 = Live|Any CPU
		{BCDC0C42-3A48-4157-88F7-5ACB7EEEAC4E}.Dev|Any CPU.ActiveCfg = Dev|Any CPU
		{BCDC0C42-3A48-4157-88F7-5ACB7EEEAC4E}.Dev|Any CPU.Build.0 = Dev|Any CPU
		{BCDC0C42-3A48-4157-88F7-5ACB7EEEAC4E}.Live|Any CPU.ActiveCfg = Live|Any CPU
		{BCDC0C42-3A48-4157-88F7-5ACB7EEEAC4E}.Live|Any CPU.Build.0 = Live|Any CPU
		{F02DA6CA-3A2B-4F33-9E00-7ED6C1D4A534}.Dev|Any CPU.ActiveCfg = Dev|Any CPU
		{F02DA6CA-3A2B-4F33-9E00-7ED6C1D4A534}.Dev|Any CPU.Build.0 = Dev|Any CPU
		{F02DA6CA-3A2B-4F33-9E00-7ED6C1D4A534}.Live|Any CPU.ActiveCfg = Live|Any CPU
		{F02DA6CA-3A2B-4F33-9E00-7ED6C1D4A534}.Live|Any CPU.Build.0 = Live|Any CPU
		{13BFF579-15E9-4142-9C76-509C384CAA2B}.Dev|Any CPU.ActiveCfg = Dev|Any CPU
		{13BFF579-15E9-4142-9C76-509C384CAA2B}.Dev|Any CPU.Build.0 = Dev|Any CPU
		{13BFF579-15E9-4142-9C76-509C384CAA2B}.Live|Any CPU.ActiveCfg = Live|Any CPU
		{13BFF579-15E9-4142-9C76-509C384CAA2B}.Live|Any CPU.Build.0 = Live|Any CPU
		{36C2FEF3-271F-4F99-848E-AFEEE09C090F}.Dev|Any CPU.ActiveCfg = Dev|Any CPU
		{36C2FEF3-271F-4F99-848E-AFEEE09C090F}.Dev|Any CPU.Build.0 = Dev|Any CPU
		{36C2FEF3-271F-4F99-848E-AFEEE09C090F}.Live|Any CPU.ActiveCfg = Live|Any CPU
		{36C2FEF3-271F-4F99-848E-AFEEE09C090F}.Live|Any CPU.Build.0 = Live|Any CPU
		{F0BF0A2B-236B-4382-9118-BFD1F27D2ABE}.Dev|Any CPU.ActiveCfg = Dev|Any CPU
		{F0BF0A2B-236B-4382-9118-BFD1F27D2ABE}.Dev|Any CPU.Build.0 = Dev|Any CPU
		{F0BF0A2B-236B-4382-9118-BFD1F27D2ABE}.Live|Any CPU.ActiveCfg = Live|Any CPU
		{F0BF0A2B-236B-4382-9118-BFD1F27D2ABE}.Live|Any CPU.Build.0 = Live|Any CPU
		{C11E5D8C-8FC6-4F1E-86E3-B5482C22FC71}.Dev|Any CPU.ActiveCfg = Dev|Any CPU
		{C11E5D8C-8FC6-4F1E-86E3-B5482C22FC71}.Dev|Any CPU.Build.0 = Dev|Any CPU
		{C11E5D8C-8FC6-4F1E-86E3-B5482C22FC71}.Live|Any CPU.ActiveCfg = Live|Any CPU
		{C11E5D8C-8FC6-4F1E-86E3-B5482C22FC71}.Live|Any CPU.Build.0 = Live|Any CPU
		{161A5DF7-CB30-4D35-903F-B07DBF3EE2D1}.Dev|Any CPU.ActiveCfg = Dev|Any CPU
		{161A5DF7-CB30-4D35-903F-B07DBF3EE2D1}.Dev|Any CPU.Build.0 = Dev|Any CPU
		{161A5DF7-CB30-4D35-903F-B07DBF3EE2D1}.Live|Any CPU.ActiveCfg = Live|Any CPU
		{161A5DF7-CB30-4D35-903F-B07DBF3EE2D1}.Live|Any CPU.Build.0 = Live|Any CPU
		{70BE3ED8-CD56-4DD3-BE1A-CF55488DBF48}.Dev|Any CPU.ActiveCfg = Dev|Any CPU
		{70BE3ED8-CD56-4DD3-BE1A-CF55488DBF48}.Dev|Any CPU.Build.0 = Dev|Any CPU
		{70BE3ED8-CD56-4DD3-BE1A-CF55488DBF48}.Live|Any CPU.ActiveCfg = Live|Any CPU
		{70BE3ED8-CD56-4DD3-BE1A-CF55488DBF48}.Live|Any CPU.Build.0 = Live|Any CPU
		{A8F13A34-AB1C-421E-943F-9A11A0DE1F4C}.Dev|Any CPU.ActiveCfg = Dev|Any CPU
		{A8F13A34-AB1C-421E-943F-9A11A0DE1F4C}.Dev|Any CPU.Build.0 = Dev|Any CPU
		{A8F13A34-AB1C-421E-943F-9A11A0DE1F4C}.Live|Any CPU.ActiveCfg = Live|Any CPU
		{A8F13A34-AB1C-421E-943F-9A11A0DE1F4C}.Live|Any CPU.Build.0 = Live|Any CPU
		{419C6376-D58D-4120-9115-2FD36C101F7D}.Dev|Any CPU.ActiveCfg = Dev|Any CPU
		{419C6376-D58D-4120-9115-2FD36C101F7D}.Dev|Any CPU.Build.0 = Dev|Any CPU
		{419C6376-D58D-4120-9115-2FD36C101F7D}.Live|Any CPU.ActiveCfg = Live|Any CPU
		{419C6376-D58D-4120-9115-2FD36C101F7D}.Live|Any CPU.Build.0 = Live|Any CPU
		{B5303526-26D9-4CB6-9F94-463D7D6C18C2}.Dev|Any CPU.ActiveCfg = Dev|Any CPU
		{B5303526-26D9-4CB6-9F94-463D7D6C18C2}.Dev|Any CPU.Build.0 = Dev|Any CPU
		{B5303526-26D9-4CB6-9F94-463D7D6C18C2}.Live|Any CPU.ActiveCfg = Live|Any CPU
		{B5303526-26D9-4CB6-9F94-463D7D6C18C2}.Live|Any CPU.Build.0 = Live|Any CPU
		{DB93FC66-7AD2-4AEA-8C6D-13B2F7EE9A11}.Dev|Any CPU.ActiveCfg = Dev|Any CPU
		{DB93FC66-7AD2-4AEA-8C6D-13B2F7EE9A11}.Dev|Any CPU.Build.0 = Dev|Any CPU
		{DB93FC66-7AD2-4AEA-8C6D-13B2F7EE9A11}.Live|Any CPU.ActiveCfg = Live|Any CPU
		{DB93FC66-7AD2-4AEA-8C6D-13B2F7EE9A11}.Live|Any CPU.Build.0 = Live|Any CPU
		{9BD38D3E-B3D9-4AF1-BA2E-946947491914}.Dev|Any CPU.ActiveCfg = Dev|Any CPU
		{9BD38D3E-B3D9-4AF1-BA2E-946947491914}.Dev|Any CPU.Build.0 = Dev|Any CPU
		{9BD38D3E-B3D9-4AF1-BA2E-946947491914}.Live|Any CPU.ActiveCfg = Live|Any CPU
		{9BD38D3E-B3D9-4AF1-BA2E-946947491914}.Live|Any CPU.Build.0 = Live|Any CPU
		{5FCDE4D0-B954-462B-97F0-30E07FFDF2FC}.Dev|Any CPU.ActiveCfg = Dev|Any CPU
		{5FCDE4D0-B954-462B-97F0-30E07FFDF2FC}.Dev|Any CPU.Build.0 = Dev|Any CPU
		{5FCDE4D0-B954-462B-97F0-30E07FFDF2FC}.Live|Any CPU.ActiveCfg = Live|Any CPU
		{5FCDE4D0-B954-462B-97F0-30E07FFDF2FC}.Live|Any CPU.Build.0 = Live|Any CPU
		{96189712-8FBA-42B0-B71D-018C16AEA175}.Dev|Any CPU.ActiveCfg = Dev|Any CPU
		{96189712-8FBA-42B0-B71D-018C16AEA175}.Dev|Any CPU.Build.0 = Dev|Any CPU
		{96189712-8FBA-42B0-B71D-018C16AEA175}.Live|Any CPU.ActiveCfg = Live|Any CPU
		{96189712-8FBA-42B0-B71D-018C16AEA175}.Live|Any CPU.Build.0 = Live|Any CPU
		{6A9BB754-2907-438F-9CCB-EA1D992377F4}.Dev|Any CPU.ActiveCfg = Dev|Any CPU
		{6A9BB754-2907-438F-9CCB-EA1D992377F4}.Dev|Any CPU.Build.0 = Dev|Any CPU
		{6A9BB754-2907-438F-9CCB-EA1D992377F4}.Live|Any CPU.ActiveCfg = Live|Any CPU
		{6A9BB754-2907-438F-9CCB-EA1D992377F4}.Live|Any CPU.Build.0 = Live|Any CPU
		{1612827F-EF1A-461A-B95D-C3E5C389B387}.Dev|Any CPU.ActiveCfg = Dev|Any CPU
		{1612827F-EF1A-461A-B95D-C3E5C389B387}.Dev|Any CPU.Build.0 = Dev|Any CPU
		{1612827F-EF1A-461A-B95D-C3E5C389B387}.Live|Any CPU.ActiveCfg = Live|Any CPU
		{1612827F-EF1A-461A-B95D-C3E5C389B387}.Live|Any CPU.Build.0 = Live|Any CPU
		{15B8C313-314A-26B5-BEA1-068B99AB5AED}.Dev|Any CPU.ActiveCfg = Dev|Any CPU
		{15B8C313-314A-26B5-BEA1-068B99AB5AED}.Dev|Any CPU.Build.0 = Dev|Any CPU
		{15B8C313-314A-26B5-BEA1-068B99AB5AED}.Live|Any CPU.ActiveCfg = Live|Any CPU
		{15B8C313-314A-26B5-BEA1-068B99AB5AED}.Live|Any CPU.Build.0 = Live|Any CPU
	EndGlobalSection
	GlobalSection(SolutionProperties) = preSolution
		HideSolutionNode = FALSE
	EndGlobalSection
	GlobalSection(NestedProjects) = preSolution
		{8039A090-CD44-4BE0-BEB2-116B448E43EB} = {D278C867-369E-433E-9E83-79FC87D117F0}
		{CB88D285-F07C-4A29-94DF-FE83AFA068CD} = {D278C867-369E-433E-9E83-79FC87D117F0}
		{5C10AAF0-7973-4178-81B8-F9F1F632BBFE} = {D278C867-369E-433E-9E83-79FC87D117F0}
		{5DFE9FFA-0881-47B0-8188-605957428680} = {13355FDE-E0D1-45C8-A794-B75253F56E66}
		{BC482886-14C9-4040-B301-55AE9A26B578} = {DCB15CB9-ED0F-4202-A9E1-362F0429CD9E}
		{A7E13183-48CF-44A0-B870-570D5794939E} = {DCB15CB9-ED0F-4202-A9E1-362F0429CD9E}
		{0E2372B8-3F6C-4FC6-A938-4085D17A3BAC} = {1F9FB6FD-4AE5-454D-9C9C-A3A35D70322C}
		{BCDC0C42-3A48-4157-88F7-5ACB7EEEAC4E} = {616DA6DB-BDE0-4A4E-BFBF-10F651341428}
		{F02DA6CA-3A2B-4F33-9E00-7ED6C1D4A534} = {19D1F116-DB8B-4030-A6D7-0EEC2B1F74F1}
		{1F9FB6FD-4AE5-454D-9C9C-A3A35D70322C} = {55AAB3CC-E811-4C16-A00F-89CA17983DB5}
		{616DA6DB-BDE0-4A4E-BFBF-10F651341428} = {55AAB3CC-E811-4C16-A00F-89CA17983DB5}
		{19D1F116-DB8B-4030-A6D7-0EEC2B1F74F1} = {55AAB3CC-E811-4C16-A00F-89CA17983DB5}
		{16FD6800-B71E-439B-B17B-89A0B98FD311} = {55AAB3CC-E811-4C16-A00F-89CA17983DB5}
		{709BC844-DBAE-4175-B715-A43688E1F89D} = {55AAB3CC-E811-4C16-A00F-89CA17983DB5}
		{13BFF579-15E9-4142-9C76-509C384CAA2B} = {16FD6800-B71E-439B-B17B-89A0B98FD311}
		{36C2FEF3-271F-4F99-848E-AFEEE09C090F} = {709BC844-DBAE-4175-B715-A43688E1F89D}
		{526E9BFD-AEFB-4D8A-9F45-1EB2F3AADA03} = {55AAB3CC-E811-4C16-A00F-89CA17983DB5}
		{F0BF0A2B-236B-4382-9118-BFD1F27D2ABE} = {526E9BFD-AEFB-4D8A-9F45-1EB2F3AADA03}
		{C11E5D8C-8FC6-4F1E-86E3-B5482C22FC71} = {526E9BFD-AEFB-4D8A-9F45-1EB2F3AADA03}
		{161A5DF7-CB30-4D35-903F-B07DBF3EE2D1} = {526E9BFD-AEFB-4D8A-9F45-1EB2F3AADA03}
		{70BE3ED8-CD56-4DD3-BE1A-CF55488DBF48} = {526E9BFD-AEFB-4D8A-9F45-1EB2F3AADA03}
		{A8F13A34-AB1C-421E-943F-9A11A0DE1F4C} = {526E9BFD-AEFB-4D8A-9F45-1EB2F3AADA03}
		{419C6376-D58D-4120-9115-2FD36C101F7D} = {13355FDE-E0D1-45C8-A794-B75253F56E66}
		{B5303526-26D9-4CB6-9F94-463D7D6C18C2} = {B5C9C95A-6613-4416-AD2B-D2DE263D2D25}
		{DB93FC66-7AD2-4AEA-8C6D-13B2F7EE9A11} = {B5C9C95A-6613-4416-AD2B-D2DE263D2D25}
		{9BD38D3E-B3D9-4AF1-BA2E-946947491914} = {B5C9C95A-6613-4416-AD2B-D2DE263D2D25}
		{5FCDE4D0-B954-462B-97F0-30E07FFDF2FC} = {B5C9C95A-6613-4416-AD2B-D2DE263D2D25}
		{96189712-8FBA-42B0-B71D-018C16AEA175} = {587F527A-94B2-496E-815B-216028E17581}
		{6A9BB754-2907-438F-9CCB-EA1D992377F4} = {EA64948B-2579-417B-8C5C-F12D01D1FB3D}
		{1612827F-EF1A-461A-B95D-C3E5C389B387} = {B5C9C95A-6613-4416-AD2B-D2DE263D2D25}
		{AB29C55A-0A70-4042-8662-11FD05193988} = {00D1AA80-DE79-4B2A-8E0A-182DC08782CD}
		{15B8C313-314A-26B5-BEA1-068B99AB5AED} = {B5C9C95A-6613-4416-AD2B-D2DE263D2D25}
	EndGlobalSection
	GlobalSection(ExtensibilityGlobals) = postSolution
		SolutionGuid = {C5167CFC-6137-48BB-A6E6-2582271994D3}
	EndGlobalSection
EndGlobal
